
Microsoft Visual Studio Solution File, Format Version 12.00
# Visual Studio Version 17
VisualStudioVersion = 17.11.35327.3
MinimumVisualStudioVersion = 10.0.40219.1
Project("{9A19103F-16F7-4668-BE54-9A1E7A4F7556}") = "Catalogo", "Catalogo\Catalogo.csproj", "{4A58D869-E81E-4EDC-82AD-C1BC500F17C5}"
EndProject
Global
	GlobalSection(SolutionConfigurationPlatforms) = preSolution
		Debug|Any CPU = Debug|Any CPU
		Release|Any CPU = Release|Any CPU
	EndGlobalSection
	GlobalSection(ProjectConfigurationPlatforms) = postSolution
		{4A58D869-E81E-4EDC-82AD-C1BC500F17C5}.Debug|Any CPU.ActiveCfg = Debug|Any CPU
		{4A58D869-E81E-4EDC-82AD-C1BC500F17C5}.Debug|Any CPU.Build.0 = Debug|Any CPU
		{4A58D869-E81E-4EDC-82AD-C1BC500F17C5}.Release|Any CPU.ActiveCfg = Release|Any CPU
		{4A58D869-E81E-4EDC-82AD-C1BC500F17C5}.Release|Any CPU.Build.0 = Release|Any CPU
	EndGlobalSection
	GlobalSection(SolutionProperties) = preSolution
		HideSolutionNode = FALSE
	EndGlobalSection
	GlobalSection(ExtensibilityGlobals) = postSolution
		SolutionGuid = {994076B1-2575-4DF3-B242-EB98F9BCBEA7}
	EndGlobalSection
EndGlobal
